PODS:
  - AFNetworking (2.5.2):
    - AFNetworking/NSURLConnection (= 2.5.2)
    - AFNetworking/NSURLSession (= 2.5.2)
    - AFNetworking/Reachability (= 2.5.2)
    - AFNetworking/Security (= 2.5.2)
    - AFNetworking/Serialization (= 2.5.2)
    - AFNetworking/UIKit (= 2.5.2)
  - AFNetworking/NSURLConnection (2.5.2):
    - AFNetworking/Reachability
    - AFNetworking/Security
    - AFNetworking/Serialization
  - AFNetworking/NSURLSession (2.5.2):
    - AFNetworking/Reachability
    - AFNetworking/Security
    - AFNetworking/Serialization
  - AFNetworking/Reachability (2.5.2)
  - AFNetworking/Security (2.5.2)
  - AFNetworking/Serialization (2.5.2)
  - AFNetworking/UIKit (2.5.2):
    - AFNetworking/NSURLConnection
    - AFNetworking/NSURLSession
  - EasyIOS (2.2.2):
    - EasyIOS/Easy (= 2.2.2)
  - EasyIOS/Easy (2.2.2):
    - AFNetworking
    - FLKAutoLayout (= 0.1.1)
    - FontIcon
    - GCDObjC
    - MBProgressHUD
    - MojoDatabase
    - ReactiveCocoa (= 2.4.4)
    - TMCache
    - UIActivityIndicator-for-SDWebImage
  - FLKAutoLayout (0.1.1)
  - FontIcon (1.0)
  - GCDObjC (0.2.0)
  - IQDropDownTextField (1.0.4.1)
  - IQKeyboardManager (3.2.2)
  - MBProgressHUD (0.9.1)
  - MojoDatabase (1.4)
  - ReactiveCocoa (2.4.4):
    - ReactiveCocoa/UI (= 2.4.4)
  - ReactiveCocoa/Core (2.4.4):
    - ReactiveCocoa/no-arc
  - ReactiveCocoa/no-arc (2.4.4)
  - ReactiveCocoa/UI (2.4.4):
    - ReactiveCocoa/Core
  - SDWebImage (3.7.2):
    - SDWebImage/Core (= 3.7.2)
  - SDWebImage/Core (3.7.2)
  - SSKeychain (1.2.3)
  - SZTextView (1.2.0)
  - TMCache (1.2.3)
  - TTTAttributedLabel (1.13.3)
  - UIActivityIndicator-for-SDWebImage (1.2):
    - SDWebImage (~> 3.7)
  - UMengAnalytics (3.4.6)
  - XAspect (1.0.3):
    - XAspect/Core (= 1.0.3)
    - XAspect/Macros (= 1.0.3)
  - XAspect/Core (1.0.3):
    - XAspect/Macros
  - XAspect/Macros (1.0.3)

DEPENDENCIES:
  - EasyIOS
  - IQDropDownTextField
  - IQKeyboardManager
  - ReactiveCocoa (= 2.4.4)
  - SSKeychain
  - SZTextView
  - TTTAttributedLabel
  - UMengAnalytics
  - XAspect

SPEC CHECKSUMS:
  AFNetworking: fefbce9660acb17f48ae0011292d4da0f457bf36
  EasyIOS: 5f8c2110b4d0818aa78de068dc001c5c344de7a6
  FLKAutoLayout: 95b12c5cd9652100235140b68652f063f7437851
  FontIcon: 24a07541244227b865e689217efd7d049ba7cc43
  GCDObjC: adcd9941029e3628de539347d3a6777470a65998
  IQDropDownTextField: 4e6fc6dbfd46a922fbc3fb76ac855d05ccfdc962
  IQKeyboardManager: 99df8006864663a4126a77b9a2f7ea70077eff31
  MBProgressHUD: c47f2c166c126cf2ce36498d80f33e754d4e93ad
  MojoDatabase: 02e3eb98510b69033ab537156969d1f76b4f369e
  ReactiveCocoa: cbe3b5eae464aa72a348a7323996b171728a9e71
  SDWebImage: 71b7cdc1d1721d6a82ed62889030225f2c249e29
  SSKeychain: 3f42991739c6c60a9cf1bbd4dff6c0d3694bcf3d
  SZTextView: a51ef616064ed07ca44403de1e125bb6f4d4f1fa
  TMCache: 5f68bc38d741aa8df4c63131b847522783665d81
  TTTAttributedLabel: 6f3174aef8e738f44dff97c2eb7d8184f6ab6277
  UIActivityIndicator-for-SDWebImage: 7bf7ebbf0ed1747dedc0d6e949c4603a6d0f9e0c
  UMengAnalytics: 24c06f0ea07295d2f1c093f0fe12d196fd801ea4
  XAspect: 8c6703478e01d97f5511615af3ff3546706cb3b8

COCOAPODS: 0.36.0
